
Microsoft Visual Studio Solution File, Format Version 12.00
# Visual Studio Version 17
VisualStudioVersion = 17.14.36429.23 d17.14
MinimumVisualStudioVersion = 10.0.40219.1
Project("{FAE04EC0-301F-11D3-BF4B-00C04F79EFBC}") = "Bai06", "Bai06.csproj", "{E5FFC0CF-AFD6-49AB-9C01-1CC855C9FC07}"
EndProject
Global
	GlobalSection(SolutionConfigurationPlatforms) = preSolution
		Debug|Any CPU = Debug|Any CPU
		Release|Any CPU = Release|Any CPU
	EndGlobalSection
	GlobalSection(ProjectConfigurationPlatforms) = postSolution
		{E5FFC0CF-AFD6-49AB-9C01-1CC855C9FC07}.Debug|Any CPU.ActiveCfg = Debug|Any CPU
		{E5FFC0CF-AFD6-49AB-9C01-1CC855C9FC07}.Debug|Any CPU.Build.0 = Debug|Any CPU
		{E5FFC0CF-AFD6-49AB-9C01-1CC855C9FC07}.Release|Any CPU.ActiveCfg = Release|Any CPU
		{E5FFC0CF-AFD6-49AB-9C01-1CC855C9FC07}.Release|Any CPU.Build.0 = Release|Any CPU
	EndGlobalSection
	GlobalSection(SolutionProperties) = preSolution
		HideSolutionNode = FALSE
	EndGlobalSection
	GlobalSection(ExtensibilityGlobals) = postSolution
		SolutionGuid = {B5B93D07-8B96-447A-9068-D20FA6DDD6AC}
	EndGlobalSection
EndGlobal
